<?xml version="1.0" encoding="utf-8"?>
<Project ToolsVersion="4.0" xmlns="http://schemas.microsoft.com/developer/msbuild/2003">
  <ItemGroup>
    <Filter Include="Gluten">
      <UniqueIdentifier>{14C361B5-0065-8C8B-E91F-A0DFD56013DC}</UniqueIdentifier>
    </Filter>
    <Filter Include="Gluten\Events">
      <UniqueIdentifier>{78B00224-E470-7E5A-ADAB-C7D7192BC336}</UniqueIdentifier>
    </Filter>
    <Filter Include="Gluten\ImGui">
      <UniqueIdentifier>{3E37FD8C-2A9A-8C31-D31F-C5E7BF6158B4}</UniqueIdentifier>
    </Filter>
    <Filter Include="Platform">
      <UniqueIdentifier>{2AC788B4-1694-E3BF-3FAD-D1672BD9184E}</UniqueIdentifier>
    </Filter>
    <Filter Include="Platform\OpenGL">
      <UniqueIdentifier>{1E7D2C1D-8A08-9AE1-9319-1DD6FF23F6E1}</UniqueIdentifier>
    </Filter>
    <Filter Include="Platform\Windows">
      <UniqueIdentifier>{64FBD71A-50F4-F66C-7926-DCF1657ED678}</UniqueIdentifier>
    </Filter>
  </ItemGroup>
  <ItemGroup>
    <ClInclude Include="src\Gluten.h" />
    <ClInclude Include="src\Gluten\Application.h">
      <Filter>Gluten</Filter>
    </ClInclude>
    <ClInclude Include="src\Gluten\Core.h">
      <Filter>Gluten</Filter>
    </ClInclude>
    <ClInclude Include="src\Gluten\EntryPoint.h">
      <Filter>Gluten</Filter>
    </ClInclude>
    <ClInclude Include="src\Gluten\Events\ApplicationEvent.h">
      <Filter>Gluten\Events</Filter>
    </ClInclude>
    <ClInclude Include="src\Gluten\Events\Event.h">
      <Filter>Gluten\Events</Filter>
    </ClInclude>
    <ClInclude Include="src\Gluten\Events\KeyEvent.h">
      <Filter>Gluten\Events</Filter>
    </ClInclude>
    <ClInclude Include="src\Gluten\Events\MouseEvent.h">
      <Filter>Gluten\Events</Filter>
    </ClInclude>
    <ClInclude Include="src\Gluten\ImGui\ImGuiLayer.h">
      <Filter>Gluten\ImGui</Filter>
    </ClInclude>
    <ClInclude Include="src\Gluten\Layer.h">
      <Filter>Gluten</Filter>
    </ClInclude>
    <ClInclude Include="src\Gluten\LayerStack.h">
      <Filter>Gluten</Filter>
    </ClInclude>
    <ClInclude Include="src\Gluten\Log.h">
      <Filter>Gluten</Filter>
    </ClInclude>
    <ClInclude Include="src\Gluten\Window.h">
      <Filter>Gluten</Filter>
    </ClInclude>
    <ClInclude Include="src\Platform\OpenGL\ImGuiOpenGLRenderer.h">
      <Filter>Platform\OpenGL</Filter>
    </ClInclude>
    <ClInclude Include="src\Platform\Windows\WindowsWindow.h">
      <Filter>Platform\Windows</Filter>
    </ClInclude>
    <ClInclude Include="src\glutpch.h" />
  </ItemGroup>
  <ItemGroup>
    <ClCompile Include="src\Gluten\Application.cpp">
      <Filter>Gluten</Filter>
    </ClCompile>
    <ClCompile Include="src\Gluten\ImGui\ImGuiLayer.cpp">
      <Filter>Gluten\ImGui</Filter>
    </ClCompile>
    <ClCompile Include="src\Gluten\Layer.cpp">
      <Filter>Gluten</Filter>
    </ClCompile>
    <ClCompile Include="src\Gluten\LayerStack.cpp">
      <Filter>Gluten</Filter>
    </ClCompile>
    <ClCompile Include="src\Gluten\Log.cpp">
      <Filter>Gluten</Filter>
    </ClCompile>
    <ClCompile Include="src\Platform\OpenGL\ImGuiOpenGLRenderer.cpp">
      <Filter>Platform\OpenGL</Filter>
    </ClCompile>
    <ClCompile Include="src\Platform\Windows\WindowsWindow.cpp">
      <Filter>Platform\Windows</Filter>
    </ClCompile>
    <ClCompile Include="src\glutpch.cpp" />
  </ItemGroup>
</Project>